
Microsoft Visual Studio Solution File, Format Version 12.00
# Visual Studio 15
VisualStudioVersion = 15.0.28010.2026
MinimumVisualStudioVersion = 10.0.40219.1
Project("{FAE04EC0-301F-11D3-BF4B-00C04F79EFBC}") = "DigdagCSharpClient", "DigdagCSharpClient\DigdagCSharpClient.csproj", "{6210035B-5D22-47B6-8595-D9BA97C65AFA}"
EndProject
Global
	GlobalSection(SolutionConfigurationPlatforms) = preSolution
		Debug|Any CPU = Debug|Any CPU
		Release|Any CPU = Release|Any CPU
	EndGlobalSection
	GlobalSection(ProjectConfigurationPlatforms) = postSolution
		{6210035B-5D22-47B6-8595-D9BA97C65AFA}.Debug|Any CPU.ActiveCfg = Debug|Any CPU
		{6210035B-5D22-47B6-8595-D9BA97C65AFA}.Debug|Any CPU.Build.0 = Debug|Any CPU
		{6210035B-5D22-47B6-8595-D9BA97C65AFA}.Release|Any CPU.ActiveCfg = Release|Any CPU
		{6210035B-5D22-47B6-8595-D9BA97C65AFA}.Release|Any CPU.Build.0 = Release|Any CPU
	EndGlobalSection
	GlobalSection(SolutionProperties) = preSolution
		HideSolutionNode = FALSE
	EndGlobalSection
	GlobalSection(ExtensibilityGlobals) = postSolution
		SolutionGuid = {FB3DCA2D-270A-4A99-B15C-8B8031091B95}
	EndGlobalSection
EndGlobal
